// !$*UTF8*$!
{
	archiveVersion = 1;
	classes = {
	};
	objectVersion = 48;
	objects = {

/* Begin PBXBuildFile section */
		C72E29F11F28A4F500966AAB /* AppDelegate.swift in Sources */ = {isa = PBXBuildFile; fileRef = C72E29F01F28A4F500966AAB /* AppDelegate.swift */; };
		C72E29F31F28A4F500966AAB /* Models.scnassets in Resources */ = {isa = PBXBuildFile; fileRef = C72E29F21F28A4F500966AAB /* Models.scnassets */; };
		C72E29F51F28A4F500966AAB /* ViewController.swift in Sources */ = {isa = PBXBuildFile; fileRef = C72E29F41F28A4F500966AAB /* ViewController.swift */; };
		C72E29FA1F28A4F500966AAB /* Assets.xcassets in Resources */ = {isa = PBXBuildFile; fileRef = C72E29F91F28A4F500966AAB /* Assets.xcassets */; };
		C72E2A051F28B5EA00966AAB /* Plane.swift in Sources */ = {isa = PBXBuildFile; fileRef = C72E2A041F28B5EA00966AAB /* Plane.swift */; };
		C72E2A071F28BB3100966AAB /* SceneVector3Ext.swift in Sources */ = {isa = PBXBuildFile; fileRef = C72E2A061F28BB3100966AAB /* SceneVector3Ext.swift */; };
		C7A4CAB51F29E432001400CF /* LaunchScreen.storyboard in Resources */ = {isa = PBXBuildFile; fileRef = C7A4CAB41F29E432001400CF /* LaunchScreen.storyboard */; };
/* End PBXBuildFile section */

/* Begin PBXFileReference section */
		C72E29ED1F28A4F500966AAB /* AR Playground.app */ = {isa = PBXFileReference; explicitFileType = wrapper.application; includeInIndex = 0; path = "AR Playground.app"; sourceTree = BUILT_PRODUCTS_DIR; };
		C72E29F01F28A4F500966AAB /* AppDelegate.swift */ = {isa = PBXFileReference; lastKnownFileType = sourcecode.swift; path = AppDelegate.swift; sourceTree = "<group>"; };
		C72E29F21F28A4F500966AAB /* Models.scnassets */ = {isa = PBXFileReference; lastKnownFileType = wrapper.scnassets; path = Models.scnassets; sourceTree = "<group>"; };
		C72E29F41F28A4F500966AAB /* ViewController.swift */ = {isa = PBXFileReference; lastKnownFileType = sourcecode.swift; path = ViewController.swift; sourceTree = "<group>"; };
		C72E29F91F28A4F500966AAB /* Assets.xcassets */ = {isa = PBXFileReference; lastKnownFileType = folder.assetcatalog; path = Assets.xcassets; sourceTree = "<group>"; };
		C72E29FE1F28A4F500966AAB /* Info.plist */ = {isa = PBXFileReference; lastKnownFileType = text.plist.xml; path = Info.plist; sourceTree = "<group>"; };
		C72E2A041F28B5EA00966AAB /* Plane.swift */ = {isa = PBXFileReference; lastKnownFileType = sourcecode.swift; path = Plane.swift; sourceTree = "<group>"; };
		C72E2A061F28BB3100966AAB /* SceneVector3Ext.swift */ = {isa = PBXFileReference; lastKnownFileType = sourcecode.swift; path = SceneVector3Ext.swift; sourceTree = "<group>"; };
		C7A4CAB41F29E432001400CF /* LaunchScreen.storyboard */ = {isa = PBXFileReference; lastKnownFileType = file.storyboard; path = LaunchScreen.storyboard; sourceTree = "<group>"; };
/* End PBXFileReference section */

/* Begin PBXFrameworksBuildPhase section */
		C72E29EA1F28A4F500966AAB /* Frameworks */ = {
			isa = PBXFrameworksBuildPhase;
			buildActionMask = 2147483647;
			files = (
			);
			runOnlyForDeploymentPostprocessing = 0;
		};
/* End PBXFrameworksBuildPhase section */

/* Begin PBXGroup section */
		C72E29E41F28A4F500966AAB = {
			isa = PBXGroup;
			children = (
				C72E29EF1F28A4F500966AAB /* src */,
				C72E29EE1F28A4F500966AAB /* Products */,
			);
			sourceTree = "<group>";
		};
		C72E29EE1F28A4F500966AAB /* Products */ = {
			isa = PBXGroup;
			children = (
				C72E29ED1F28A4F500966AAB /* AR Playground.app */,
			);
			name = Products;
			sourceTree = "<group>";
		};
		C72E29EF1F28A4F500966AAB /* src */ = {
			isa = PBXGroup;
			children = (
				C72E29F01F28A4F500966AAB /* AppDelegate.swift */,
				C72E29F91F28A4F500966AAB /* Assets.xcassets */,
				C72E29FE1F28A4F500966AAB /* Info.plist */,
				C72E29F21F28A4F500966AAB /* Models.scnassets */,
				C72E2A041F28B5EA00966AAB /* Plane.swift */,
				C72E2A061F28BB3100966AAB /* SceneVector3Ext.swift */,
				C72E29F41F28A4F500966AAB /* ViewController.swift */,
				C7A4CAB41F29E432001400CF /* LaunchScreen.storyboard */,
			);
			path = src;
			sourceTree = "<group>";
		};
/* End PBXGroup section */

/* Begin PBXNativeTarget section */
		C72E29EC1F28A4F500966AAB /* AR Playground */ = {
			isa = PBXNativeTarget;
			buildConfigurationList = C72E2A011F28A4F500966AAB /* Build configuration list for PBXNativeTarget "AR Playground" */;
			buildPhases = (
				C72E29E91F28A4F500966AAB /* Sources */,
				C72E29EA1F28A4F500966AAB /* Frameworks */,
				C72E29EB1F28A4F500966AAB /* Resources */,
			);
			buildRules = (
			);
			dependencies = (
			);
			name = "AR Playground";
			productName = "AR Playground";
			productReference = C72E29ED1F28A4F500966AAB /* AR Playground.app */;
			productType = "com.apple.product-type.application";
		};
/* End PBXNativeTarget section */

/* Begin PBXProject section */
		C72E29E51F28A4F500966AAB /* Project object */ = {
			isa = PBXProject;
			attributes = {
				LastSwiftUpdateCheck = 0900;
				LastUpgradeCheck = 0900;
				ORGANIZATIONNAME = "Leonard Hecker";
				TargetAttributes = {
					C72E29EC1F28A4F500966AAB = {
						CreatedOnToolsVersion = 9.0;
					};
				};
			};
			buildConfigurationList = C72E29E81F28A4F500966AAB /* Build configuration list for PBXProject "ar-playground" */;
			compatibilityVersion = "Xcode 8.0";
			developmentRegion = en;
			hasScannedForEncodings = 0;
			knownRegions = (
				en,
				Base,
			);
			mainGroup = C72E29E41F28A4F500966AAB;
			productRefGroup = C72E29EE1F28A4F500966AAB /* Products */;
			projectDirPath = "";
			projectRoot = "";
			targets = (
				C72E29EC1F28A4F500966AAB /* AR Playground */,
			);
		};
/* End PBXProject section */

/* Begin PBXResourcesBuildPhase section */
		C72E29EB1F28A4F500966AAB /* Resources */ = {
			isa = PBXResourcesBuildPhase;
			buildActionMask = 2147483647;
			files = (
				C7A4CAB51F29E432001400CF /* LaunchScreen.storyboard in Resources */,
				C72E29F31F28A4F500966AAB /* Models.scnassets in Resources */,
				C72E29FA1F28A4F500966AAB /* Assets.xcassets in Resources */,
			);
			runOnlyForDeploymentPostprocessing = 0;
		};
/* End PBXResourcesBuildPhase section */

/* Begin PBXSourcesBuildPhase section */
		C72E29E91F28A4F500966AAB /* Sources */ = {
			isa = PBXSourcesBuildPhase;
			buildActionMask = 2147483647;
			files = (
				C72E29F51F28A4F500966AAB /* ViewController.swift in Sources */,
				C72E2A071F28BB3100966AAB /* SceneVector3Ext.swift in Sources */,
				C72E2A051F28B5EA00966AAB /* Plane.swift in Sources */,
				C72E29F11F28A4F500966AAB /* AppDelegate.swift in Sources */,
			);
			runOnlyForDeploymentPostprocessing = 0;
		};
/* End PBXSourcesBuildPhase section */

/* Begin XCBuildConfiguration section */
		C72E29FF1F28A4F500966AAB /* Debug */ = {
			isa = XCBuildConfiguration;
			buildSettings = {
				ALWAYS_SEARCH_USER_PATHS = NO;
				CLANG_ANALYZER_NONNULL = YES;
				CLANG_ANALYZER_NUMBER_OBJECT_CONVERSION = YES_AGGRESSIVE;
				CLANG_CXX_LANGUAGE_STANDARD = "gnu++14";
				CLANG_CXX_LIBRARY = "libc++";
				CLANG_ENABLE_MODULES = YES;
				CLANG_ENABLE_OBJC_ARC = YES;
				CLANG_WARN_BLOCK_CAPTURE_AUTORELEASING = YES;
				CLANG_WARN_BOOL_CONVERSION = YES;
				CLANG_WARN_COMMA = YES;
				CLANG_WARN_CONSTANT_CONVERSION = YES;
				CLANG_WARN_DIRECT_OBJC_ISA_USAGE = YES_ERROR;
				CLANG_WARN_DOCUMENTATION_COMMENTS = YES;
				CLANG_WARN_EMPTY_BODY = YES;
				CLANG_WARN_ENUM_CONVERSION = YES;
				CLANG_WARN_INFINITE_RECURSION = YES;
				CLANG_WARN_INT_CONVERSION = YES;
				CLANG_WARN_NON_LITERAL_NULL_CONVERSION = YES;
				CLANG_WARN_OBJC_LITERAL_CONVERSION = YES;
				CLANG_WARN_OBJC_ROOT_CLASS = YES_ERROR;
				CLANG_WARN_RANGE_LOOP_ANALYSIS = YES;
				CLANG_WARN_STRICT_PROTOTYPES = YES;
				CLANG_WARN_SUSPICIOUS_MOVE = YES;
				CLANG_WARN_UNGUARDED_AVAILABILITY = YES_AGGRESSIVE;
				CLANG_WARN_UNREACHABLE_CODE = YES;
				CLANG_WARN__DUPLICATE_METHOD_MATCH = YES;
				CODE_SIGN_IDENTITY = "iPhone Developer";
				COPY_PHASE_STRIP = NO;
				DEBUG_INFORMATION_FORMAT = dwarf;
				ENABLE_STRICT_OBJC_MSGSEND = YES;
				ENABLE_TESTABILITY = YES;
				GCC_C_LANGUAGE_STANDARD = gnu11;
				GCC_DYNAMIC_NO_PIC = NO;
				GCC_NO_COMMON_BLOCKS = YES;
				GCC_OPTIMIZATION_LEVEL = 0;
				GCC_PREPROCESSOR_DEFINITIONS = (
					"DEBUG=1",
					"$(inherited)",
				);
				GCC_WARN_64_TO_32_BIT_CONVERSION = YES;
				GCC_WARN_ABOUT_RETURN_TYPE = YES_ERROR;
				GCC_WARN_UNDECLARED_SELECTOR = YES;
				GCC_WARN_UNINITIALIZED_AUTOS = YES_AGGRESSIVE;
				GCC_WARN_UNUSED_FUNCTION = YES;
				GCC_WARN_UNUSED_VARIABLE = YES;
				IPHONEOS_DEPLOYMENT_TARGET = 11.0;
				MTL_ENABLE_DEBUG_INFO = YES;
				ONLY_ACTIVE_ARCH = YES;
				SDKROOT = iphoneos;
				SWIFT_ACTIVE_COMPILATION_CONDITIONS = DEBUG;
				SWIFT_OPTIMIZATION_LEVEL = "-Onone";
			};
			name = Debug;
		};
		C72E2A001F28A4F500966AAB /* Release */ = {
			isa = XCBuildConfiguration;
			buildSettings = {
				ALWAYS_SEARCH_USER_PATHS = NO;
				CLANG_ANALYZER_NONNULL = YES;
				CLANG_ANALYZER_NUMBER_OBJECT_CONVERSION = YES_AGGRESSIVE;
				CLANG_CXX_LANGUAGE_STANDARD = "gnu++14";
				CLANG_CXX_LIBRARY = "libc++";
				CLANG_ENABLE_MODULES = YES;
				CLANG_ENABLE_OBJC_ARC = YES;
				CLANG_WARN_BLOCK_CAPTURE_AUTORELEASING = YES;
				CLANG_WARN_BOOL_CONVERSION = YES;
				CLANG_WARN_COMMA = YES;
				CLANG_WARN_CONSTANT_CONVERSION = YES;
				CLANG_WARN_DIRECT_OBJC_ISA_USAGE = YES_ERROR;
				CLANG_WARN_DOCUMENTATION_COMMENTS = YES;
				CLANG_WARN_EMPTY_BODY = YES;
				CLANG_WARN_ENUM_CONVERSION = YES;
				CLANG_WARN_INFINITE_RECURSION = YES;
				CLANG_WARN_INT_CONVERSION = YES;
				CLANG_WARN_NON_LITERAL_NULL_CONVERSION = YES;
				CLANG_WARN_OBJC_LITERAL_CONVERSION = YES;
				CLANG_WARN_OBJC_ROOT_CLASS = YES_ERROR;
				CLANG_WARN_RANGE_LOOP_ANALYSIS = YES;
				CLANG_WARN_STRICT_PROTOTYPES = YES;
				CLANG_WARN_SUSPICIOUS_MOVE = YES;
				CLANG_WARN_UNGUARDED_AVAILABILITY = YES_AGGRESSIVE;
				CLANG_WARN_UNREACHABLE_CODE = YES;
				CLANG_WARN__DUPLICATE_METHOD_MATCH = YES;
				CODE_SIGN_IDENTITY = "iPhone Developer";
				COPY_PHASE_STRIP = NO;
				DEBUG_INFORMATION_FORMAT = "dwarf-with-dsym";
				ENABLE_NS_ASSERTIONS = NO;
				ENABLE_STRICT_OBJC_MSGSEND = YES;
				GCC_C_LANGUAGE_STANDARD = gnu11;
				GCC_NO_COMMON_BLOCKS = YES;
				GCC_WARN_64_TO_32_BIT_CONVERSION = YES;
				GCC_WARN_ABOUT_RETURN_TYPE = YES_ERROR;
				GCC_WARN_UNDECLARED_SELECTOR = YES;
				GCC_WARN_UNINITIALIZED_AUTOS = YES_AGGRESSIVE;
				GCC_WARN_UNUSED_FUNCTION = YES;
				GCC_WARN_UNUSED_VARIABLE = YES;
				IPHONEOS_DEPLOYMENT_TARGET = 11.0;
				MTL_ENABLE_DEBUG_INFO = NO;
				SDKROOT = iphoneos;
				SWIFT_OPTIMIZATION_LEVEL = "-Owholemodule";
				VALIDATE_PRODUCT = YES;
			};
			name = Release;
		};
		C72E2A021F28A4F500966AAB /* Debug */ = {
			isa = XCBuildConfiguration;
			buildSettings = {
				ASSETCATALOG_COMPILER_APPICON_NAME = AppIcon;
				ASSETCATALOG_COMPILER_LAUNCHIMAGE_NAME = LaunchImage;
				DEVELOPMENT_TEAM = Q3B4SA423T;
				INFOPLIST_FILE = "$(SRCROOT)/src/Info.plist";
				LD_RUNPATH_SEARCH_PATHS = "$(inherited) @executable_path/Frameworks";
				PRODUCT_BUNDLE_IDENTIFIER = "io.hecker.AR-Playground";
				PRODUCT_NAME = "$(TARGET_NAME)";
				SWIFT_VERSION = 4.0;
				TARGETED_DEVICE_FAMILY = "1,2";
			};
			name = Debug;
		};
		C72E2A031F28A4F500966AAB /* Release */ = {
			isa = XCBuildConfiguration;
			buildSettings = {
				ASSETCATALOG_COMPILER_APPICON_NAME = AppIcon;
				ASSETCATALOG_COMPILER_LAUNCHIMAGE_NAME = LaunchImage;
				DEVELOPMENT_TEAM = Q3B4SA423T;
				INFOPLIST_FILE = "$(SRCROOT)/src/Info.plist";
				LD_RUNPATH_SEARCH_PATHS = "$(inherited) @executable_path/Frameworks";
				PRODUCT_BUNDLE_IDENTIFIER = "io.hecker.AR-Playground";
				PRODUCT_NAME = "$(TARGET_NAME)";
				SWIFT_VERSION = 4.0;
				TARGETED_DEVICE_FAMILY = "1,2";
			};
			name = Release;
		};
/* End XCBuildConfiguration section */

/* Begin XCConfigurationList section */
		C72E29E81F28A4F500966AAB /* Build configuration list for PBXProject "ar-playground" */ = {
			isa = XCConfigurationList;
			buildConfigurations = (
				C72E29FF1F28A4F500966AAB /* Debug */,
				C72E2A001F28A4F500966AAB /* Release */,
			);
			defaultConfigurationIsVisible = 0;
			defaultConfigurationName = Release;
		};
		C72E2A011F28A4F500966AAB /* Build configuration list for PBXNativeTarget "AR Playground" */ = {
			isa = XCConfigurationList;
			buildConfigurations = (
				C72E2A021F28A4F500966AAB /* Debug */,
				C72E2A031F28A4F500966AAB /* Release */,
			);
			defaultConfigurationIsVisible = 0;
			defaultConfigurationName = Release;
		};
/* End XCConfigurationList section */
	};
	rootObject = C72E29E51F28A4F500966AAB /* Project object */;
}
